// !$*UTF8*$!
{
	archiveVersion = 1;
	classes = {
	};
	objectVersion = 46;
	objects = {

/* Begin PBXBuildFile section */
		11AE6F7D1A24758A009BB98C /* AppDelegate.swift in Sources */ = {isa = PBXBuildFile; fileRef = 11AE6F7C1A24758A009BB98C /* AppDelegate.swift */; };
		11AE6F7F1A24758A009BB98C /* ViewController.swift in Sources */ = {isa = PBXBuildFile; fileRef = 11AE6F7E1A24758A009BB98C /* ViewController.swift */; };
		11AE6F821A24758A009BB98C /* Main.storyboard in Resources */ = {isa = PBXBuildFile; fileRef = 11AE6F801A24758A009BB98C /* Main.storyboard */; };
		11AE6F841A24758A009BB98C /* Images.xcassets in Resources */ = {isa = PBXBuildFile; fileRef = 11AE6F831A24758A009BB98C /* Images.xcassets */; };
		11AE6F871A24758A009BB98C /* LaunchScreen.xib in Resources */ = {isa = PBXBuildFile; fileRef = 11AE6F851A24758A009BB98C /* LaunchScreen.xib */; };
		11AE6F931A24758A009BB98C /* ShoeConverterTests.swift in Sources */ = {isa = PBXBuildFile; fileRef = 11AE6F921A24758A009BB98C /* ShoeConverterTests.swift */; };
/* End PBXBuildFile section */

/* Begin PBXContainerItemProxy section */
		11AE6F8D1A24758A009BB98C /* PBXContainerItemProxy */ = {
			isa = PBXContainerItemProxy;
			containerPortal = 11AE6F6F1A24758A009BB98C /* Project object */;
			proxyType = 1;
			remoteGlobalIDString = 11AE6F761A24758A009BB98C;
			remoteInfo = ShoeConverter;
		};
/* End PBXContainerItemProxy section */

/* Begin PBXFileReference section */
		11AE6F771A24758A009BB98C /* ShoeConverter.app */ = {isa = PBXFileReference; explicitFileType = wrapper.application; includeInIndex = 0; path = ShoeConverter.app; sourceTree = BUILT_PRODUCTS_DIR; };
		11AE6F7B1A24758A009BB98C /* Info.plist */ = {isa = PBXFileReference; lastKnownFileType = text.plist.xml; path = Info.plist; sourceTree = "<group>"; };
		11AE6F7C1A24758A009BB98C /* AppDelegate.swift */ = {isa = PBXFileReference; lastKnownFileType = sourcecode.swift; path = AppDelegate.swift; sourceTree = "<group>"; };
		11AE6F7E1A24758A009BB98C /* ViewController.swift */ = {isa = PBXFileReference; lastKnownFileType = sourcecode.swift; path = ViewController.swift; sourceTree = "<group>"; };
		11AE6F811A24758A009BB98C /* Base */ = {isa = PBXFileReference; lastKnownFileType = file.storyboard; name = Base; path = Base.lproj/Main.storyboard; sourceTree = "<group>"; };
		11AE6F831A24758A009BB98C /* Images.xcassets */ = {isa = PBXFileReference; lastKnownFileType = folder.assetcatalog; path = Images.xcassets; sourceTree = "<group>"; };
		11AE6F861A24758A009BB98C /* Base */ = {isa = PBXFileReference; lastKnownFileType = file.xib; name = Base; path = Base.lproj/LaunchScreen.xib; sourceTree = "<group>"; };
		11AE6F8C1A24758A009BB98C /* ShoeConverterTests.xctest */ = {isa = PBXFileReference; explicitFileType = wrapper.cfbundle; includeInIndex = 0; path = ShoeConverterTests.xctest; sourceTree = BUILT_PRODUCTS_DIR; };
		11AE6F911A24758A009BB98C /* Info.plist */ = {isa = PBXFileReference; lastKnownFileType = text.plist.xml; path = Info.plist; sourceTree = "<group>"; };
		11AE6F921A24758A009BB98C /* ShoeConverterTests.swift */ = {isa = PBXFileReference; lastKnownFileType = sourcecode.swift; path = ShoeConverterTests.swift; sourceTree = "<group>"; };
/* End PBXFileReference section */

/* Begin PBXFrameworksBuildPhase section */
		11AE6F741A24758A009BB98C /* Frameworks */ = {
			isa = PBXFrameworksBuildPhase;
			buildActionMask = 2147483647;
			files = (
			);
			runOnlyForDeploymentPostprocessing = 0;
		};
		11AE6F891A24758A009BB98C /* Frameworks */ = {
			isa = PBXFrameworksBuildPhase;
			buildActionMask = 2147483647;
			files = (
			);
			runOnlyForDeploymentPostprocessing = 0;
		};
/* End PBXFrameworksBuildPhase section */

/* Begin PBXGroup section */
		11AE6F6E1A24758A009BB98C = {
			isa = PBXGroup;
			children = (
				11AE6F791A24758A009BB98C /* ShoeConverter */,
				11AE6F8F1A24758A009BB98C /* ShoeConverterTests */,
				11AE6F781A24758A009BB98C /* Products */,
			);
			sourceTree = "<group>";
		};
		11AE6F781A24758A009BB98C /* Products */ = {
			isa = PBXGroup;
			children = (
				11AE6F771A24758A009BB98C /* ShoeConverter.app */,
				11AE6F8C1A24758A009BB98C /* ShoeConverterTests.xctest */,
			);
			name = Products;
			sourceTree = "<group>";
		};
		11AE6F791A24758A009BB98C /* ShoeConverter */ = {
			isa = PBXGroup;
			children = (
				11AE6F7C1A24758A009BB98C /* AppDelegate.swift */,
				11AE6F7E1A24758A009BB98C /* ViewController.swift */,
				11AE6F801A24758A009BB98C /* Main.storyboard */,
				11AE6F831A24758A009BB98C /* Images.xcassets */,
				11AE6F851A24758A009BB98C /* LaunchScreen.xib */,
				11AE6F7A1A24758A009BB98C /* Supporting Files */,
			);
			path = ShoeConverter;
			sourceTree = "<group>";
		};
		11AE6F7A1A24758A009BB98C /* Supporting Files */ = {
			isa = PBXGroup;
			children = (
				11AE6F7B1A24758A009BB98C /* Info.plist */,
			);
			name = "Supporting Files";
			sourceTree = "<group>";
		};
		11AE6F8F1A24758A009BB98C /* ShoeConverterTests */ = {
			isa = PBXGroup;
			children = (
				11AE6F921A24758A009BB98C /* ShoeConverterTests.swift */,
				11AE6F901A24758A009BB98C /* Supporting Files */,
			);
			path = ShoeConverterTests;
			sourceTree = "<group>";
		};
		11AE6F901A24758A009BB98C /* Supporting Files */ = {
			isa = PBXGroup;
			children = (
				11AE6F911A24758A009BB98C /* Info.plist */,
			);
			name = "Supporting Files";
			sourceTree = "<group>";
		};
/* End PBXGroup section */

/* Begin PBXNativeTarget section */
		11AE6F761A24758A009BB98C /* ShoeConverter */ = {
			isa = PBXNativeTarget;
			buildConfigurationList = 11AE6F961A24758A009BB98C /* Build configuration list for PBXNativeTarget "ShoeConverter" */;
			buildPhases = (
				11AE6F731A24758A009BB98C /* Sources */,
				11AE6F741A24758A009BB98C /* Frameworks */,
				11AE6F751A24758A009BB98C /* Resources */,
			);
			buildRules = (
			);
			dependencies = (
			);
			name = ShoeConverter;
			productName = ShoeConverter;
			productReference = 11AE6F771A24758A009BB98C /* ShoeConverter.app */;
			productType = "com.apple.product-type.application";
		};
		11AE6F8B1A24758A009BB98C /* ShoeConverterTests */ = {
			isa = PBXNativeTarget;
			buildConfigurationList = 11AE6F991A24758A009BB98C /* Build configuration list for PBXNativeTarget "ShoeConverterTests" */;
			buildPhases = (
				11AE6F881A24758A009BB98C /* Sources */,
				11AE6F891A24758A009BB98C /* Frameworks */,
				11AE6F8A1A24758A009BB98C /* Resources */,
			);
			buildRules = (
			);
			dependencies = (
				11AE6F8E1A24758A009BB98C /* PBXTargetDependency */,
			);
			name = ShoeConverterTests;
			productName = ShoeConverterTests;
			productReference = 11AE6F8C1A24758A009BB98C /* ShoeConverterTests.xctest */;
			productType = "com.apple.product-type.bundle.unit-test";
		};
/* End PBXNativeTarget section */

/* Begin PBXProject section */
		11AE6F6F1A24758A009BB98C /* Project object */ = {
			isa = PBXProject;
			attributes = {
				LastUpgradeCheck = 0610;
				ORGANIZATIONNAME = 1st1k;
				TargetAttributes = {
					11AE6F761A24758A009BB98C = {
						CreatedOnToolsVersion = 6.1;
					};
					11AE6F8B1A24758A009BB98C = {
						CreatedOnToolsVersion = 6.1;
						TestTargetID = 11AE6F761A24758A009BB98C;
					};
				};
			};
			buildConfigurationList = 11AE6F721A24758A009BB98C /* Build configuration list for PBXProject "ShoeConverter" */;
			compatibilityVersion = "Xcode 3.2";
			developmentRegion = English;
			hasScannedForEncodings = 0;
			knownRegions = (
				en,
				Base,
			);
			mainGroup = 11AE6F6E1A24758A009BB98C;
			productRefGroup = 11AE6F781A24758A009BB98C /* Products */;
			projectDirPath = "";
			projectRoot = "";
			targets = (
				11AE6F761A24758A009BB98C /* ShoeConverter */,
				11AE6F8B1A24758A009BB98C /* ShoeConverterTests */,
			);
		};
/* End PBXProject section */

/* Begin PBXResourcesBuildPhase section */
		11AE6F751A24758A009BB98C /* Resources */ = {
			isa = PBXResourcesBuildPhase;
			buildActionMask = 2147483647;
			files = (
				11AE6F821A24758A009BB98C /* Main.storyboard in Resources */,
				11AE6F871A24758A009BB98C /* LaunchScreen.xib in Resources */,
				11AE6F841A24758A009BB98C /* Images.xcassets in Resources */,
			);
			runOnlyForDeploymentPostprocessing = 0;
		};
		11AE6F8A1A24758A009BB98C /* Resources */ = {
			isa = PBXResourcesBuildPhase;
			buildActionMask = 2147483647;
			files = (
			);
			runOnlyForDeploymentPostprocessing = 0;
		};
/* End PBXResourcesBuildPhase section */

/* Begin PBXSourcesBuildPhase section */
		11AE6F731A24758A009BB98C /* Sources */ = {
			isa = PBXSourcesBuildPhase;
			buildActionMask = 2147483647;
			files = (
				11AE6F7F1A24758A009BB98C /* ViewController.swift in Sources */,
				11AE6F7D1A24758A009BB98C /* AppDelegate.swift in Sources */,
			);
			runOnlyForDeploymentPostprocessing = 0;
		};
		11AE6F881A24758A009BB98C /* Sources */ = {
			isa = PBXSourcesBuildPhase;
			buildActionMask = 2147483647;
			files = (
				11AE6F931A24758A009BB98C /* ShoeConverterTests.swift in Sources */,
			);
			runOnlyForDeploymentPostprocessing = 0;
		};
/* End PBXSourcesBuildPhase section */

/* Begin PBXTargetDependency section */
		11AE6F8E1A24758A009BB98C /* PBXTargetDependency */ = {
			isa = PBXTargetDependency;
			target = 11AE6F761A24758A009BB98C /* ShoeConverter */;
			targetProxy = 11AE6F8D1A24758A009BB98C /* PBXContainerItemProxy */;
		};
/* End PBXTargetDependency section */

/* Begin PBXVariantGroup section */
		11AE6F801A24758A009BB98C /* Main.storyboard */ = {
			isa = PBXVariantGroup;
			children = (
				11AE6F811A24758A009BB98C /* Base */,
			);
			name = Main.storyboard;
			sourceTree = "<group>";
		};
		11AE6F851A24758A009BB98C /* LaunchScreen.xib */ = {
			isa = PBXVariantGroup;
			children = (
				11AE6F861A24758A009BB98C /* Base */,
			);
			name = LaunchScreen.xib;
			sourceTree = "<group>";
		};
/* End PBXVariantGroup section */

/* Begin XCBuildConfiguration section */
		11AE6F941A24758A009BB98C /* Debug */ = {
			isa = XCBuildConfiguration;
			buildSettings = {
				ALWAYS_SEARCH_USER_PATHS = NO;
				CLANG_CXX_LANGUAGE_STANDARD = "gnu++0x";
				CLANG_CXX_LIBRARY = "libc++";
				CLANG_ENABLE_MODULES = YES;
				CLANG_ENABLE_OBJC_ARC = YES;
				CLANG_WARN_BOOL_CONVERSION = YES;
				CLANG_WARN_CONSTANT_CONVERSION = YES;
				CLANG_WARN_DIRECT_OBJC_ISA_USAGE = YES_ERROR;
				CLANG_WARN_EMPTY_BODY = YES;
				CLANG_WARN_ENUM_CONVERSION = YES;
				CLANG_WARN_INT_CONVERSION = YES;
				CLANG_WARN_OBJC_ROOT_CLASS = YES_ERROR;
				CLANG_WARN_UNREACHABLE_CODE = YES;
				CLANG_WARN__DUPLICATE_METHOD_MATCH = YES;
				"CODE_SIGN_IDENTITY[sdk=iphoneos*]" = "iPhone Developer";
				COPY_PHASE_STRIP = NO;
				ENABLE_STRICT_OBJC_MSGSEND = YES;
				GCC_C_LANGUAGE_STANDARD = gnu99;
				GCC_DYNAMIC_NO_PIC = NO;
				GCC_OPTIMIZATION_LEVEL = 0;
				GCC_PREPROCESSOR_DEFINITIONS = (
					"DEBUG=1",
					"$(inherited)",
				);
				GCC_SYMBOLS_PRIVATE_EXTERN = NO;
				GCC_WARN_64_TO_32_BIT_CONVERSION = YES;
				GCC_WARN_ABOUT_RETURN_TYPE = YES_ERROR;
				GCC_WARN_UNDECLARED_SELECTOR = YES;
				GCC_WARN_UNINITIALIZED_AUTOS = YES_AGGRESSIVE;
				GCC_WARN_UNUSED_FUNCTION = YES;
				GCC_WARN_UNUSED_VARIABLE = YES;
				IPHONEOS_DEPLOYMENT_TARGET = 8.1;
				MTL_ENABLE_DEBUG_INFO = YES;
				ONLY_ACTIVE_ARCH = YES;
				SDKROOT = iphoneos;
				SWIFT_OPTIMIZATION_LEVEL = "-Onone";
				TARGETED_DEVICE_FAMILY = "1,2";
			};
			name = Debug;
		};
		11AE6F951A24758A009BB98C /* Release */ = {
			isa = XCBuildConfiguration;
			buildSettings = {
				ALWAYS_SEARCH_USER_PATHS = NO;
				CLANG_CXX_LANGUAGE_STANDARD = "gnu++0x";
				CLANG_CXX_LIBRARY = "libc++";
				CLANG_ENABLE_MODULES = YES;
				CLANG_ENABLE_OBJC_ARC = YES;
				CLANG_WARN_BOOL_CONVERSION = YES;
				CLANG_WARN_CONSTANT_CONVERSION = YES;
				CLANG_WARN_DIRECT_OBJC_ISA_USAGE = YES_ERROR;
				CLANG_WARN_EMPTY_BODY = YES;
				CLANG_WARN_ENUM_CONVERSION = YES;
				CLANG_WARN_INT_CONVERSION = YES;
				CLANG_WARN_OBJC_ROOT_CLASS = YES_ERROR;
				CLANG_WARN_UNREACHABLE_CODE = YES;
				CLANG_WARN__DUPLICATE_METHOD_MATCH = YES;
				"CODE_SIGN_IDENTITY[sdk=iphoneos*]" = "iPhone Developer";
				COPY_PHASE_STRIP = YES;
				ENABLE_NS_ASSERTIONS = NO;
				ENABLE_STRICT_OBJC_MSGSEND = YES;
				GCC_C_LANGUAGE_STANDARD = gnu99;
				GCC_WARN_64_TO_32_BIT_CONVERSION = YES;
				GCC_WARN_ABOUT_RETURN_TYPE = YES_ERROR;
				GCC_WARN_UNDECLARED_SELECTOR = YES;
				GCC_WARN_UNINITIALIZED_AUTOS = YES_AGGRESSIVE;
				GCC_WARN_UNUSED_FUNCTION = YES;
				GCC_WARN_UNUSED_VARIABLE = YES;
				IPHONEOS_DEPLOYMENT_TARGET = 8.1;
				MTL_ENABLE_DEBUG_INFO = NO;
				SDKROOT = iphoneos;
				TARGETED_DEVICE_FAMILY = "1,2";
				VALIDATE_PRODUCT = YES;
			};
			name = Release;
		};
		11AE6F971A24758A009BB98C /* Debug */ = {
			isa = XCBuildConfiguration;
			buildSettings = {
				ASSETCATALOG_COMPILER_APPICON_NAME = AppIcon;
				INFOPLIST_FILE = ShoeConverter/Info.plist;
				LD_RUNPATH_SEARCH_PATHS = "$(inherited) @executable_path/Frameworks";
				PRODUCT_NAME = "$(TARGET_NAME)";
			};
			name = Debug;
		};
		11AE6F981A24758A009BB98C /* Release */ = {
			isa = XCBuildConfiguration;
			buildSettings = {
				ASSETCATALOG_COMPILER_APPICON_NAME = AppIcon;
				INFOPLIST_FILE = ShoeConverter/Info.plist;
				LD_RUNPATH_SEARCH_PATHS = "$(inherited) @executable_path/Frameworks";
				PRODUCT_NAME = "$(TARGET_NAME)";
			};
			name = Release;
		};
		11AE6F9A1A24758A009BB98C /* Debug */ = {
			isa = XCBuildConfiguration;
			buildSettings = {
				BUNDLE_LOADER = "$(TEST_HOST)";
				FRAMEWORK_SEARCH_PATHS = (
					"$(SDKROOT)/Developer/Library/Frameworks",
					"$(inherited)",
				);
				GCC_PREPROCESSOR_DEFINITIONS = (
					"DEBUG=1",
					"$(inherited)",
				);
				INFOPLIST_FILE = ShoeConverterTests/Info.plist;
				LD_RUNPATH_SEARCH_PATHS = "$(inherited) @executable_path/Frameworks @loader_path/Frameworks";
				PRODUCT_NAME = "$(TARGET_NAME)";
				TEST_HOST = "$(BUILT_PRODUCTS_DIR)/ShoeConverter.app/ShoeConverter";
			};
			name = Debug;
		};
		11AE6F9B1A24758A009BB98C /* Release */ = {
			isa = XCBuildConfiguration;
			buildSettings = {
				BUNDLE_LOADER = "$(TEST_HOST)";
				FRAMEWORK_SEARCH_PATHS = (
					"$(SDKROOT)/Developer/Library/Frameworks",
					"$(inherited)",
				);
				INFOPLIST_FILE = ShoeConverterTests/Info.plist;
				LD_RUNPATH_SEARCH_PATHS = "$(inherited) @executable_path/Frameworks @loader_path/Frameworks";
				PRODUCT_NAME = "$(TARGET_NAME)";
				TEST_HOST = "$(BUILT_PRODUCTS_DIR)/ShoeConverter.app/ShoeConverter";
			};
			name = Release;
		};
/* End XCBuildConfiguration section */

/* Begin XCConfigurationList section */
		11AE6F721A24758A009BB98C /* Build configuration list for PBXProject "ShoeConverter" */ = {
			isa = XCConfigurationList;
			buildConfigurations = (
				11AE6F941A24758A009BB98C /* Debug */,
				11AE6F951A24758A009BB98C /* Release */,
			);
			defaultConfigurationIsVisible = 0;
			defaultConfigurationName = Release;
		};
		11AE6F961A24758A009BB98C /* Build configuration list for PBXNativeTarget "ShoeConverter" */ = {
			isa = XCConfigurationList;
			buildConfigurations = (
				11AE6F971A24758A009BB98C /* Debug */,
				11AE6F981A24758A009BB98C /* Release */,
			);
			defaultConfigurationIsVisible = 0;
		};
		11AE6F991A24758A009BB98C /* Build configuration list for PBXNativeTarget "ShoeConverterTests" */ = {
			isa = XCConfigurationList;
			buildConfigurations = (
				11AE6F9A1A24758A009BB98C /* Debug */,
				11AE6F9B1A24758A009BB98C /* Release */,
			);
			defaultConfigurationIsVisible = 0;
		};
/* End XCConfigurationList section */
	};
	rootObject = 11AE6F6F1A24758A009BB98C /* Project object */;
}
